
Microsoft Visual Studio Solution File, Format Version 12.00
# Visual Studio 14
VisualStudioVersion = 14.0.25420.1
MinimumVisualStudioVersion = 10.0.40219.1
Project("{2150E333-8FDC-42A3-9474-1A3956D46DE8}") = "src", "src", "{E5855D71-13E3-4593-B656-D3D8175328C6}"
EndProject
Project("{2150E333-8FDC-42A3-9474-1A3956D46DE8}") = "Solution Items", "Solution Items", "{411AD0AC-2EF2-4DED-8814-A600E4EEB629}"
	ProjectSection(SolutionItems) = preProject
		global.json = global.json
	EndProjectSection
EndProject
Project("{8BB2217D-0F2D-49D1-97BC-3654ED321F3B}") = "SampleApp", "src\SampleApp\SampleApp.xproj", "{58B59144-6C3D-4D64-9282-4F03D9598035}"
EndProject
Global
	GlobalSection(SolutionConfigurationPlatforms) = preSolution
		Debug|Any CPU = Debug|Any CPU
		Release|Any CPU = Release|Any CPU
	EndGlobalSection
	GlobalSection(ProjectConfigurationPlatforms) = postSolution
		{58B59144-6C3D-4D64-9282-4F03D9598035}.Debug|Any CPU.ActiveCfg = Debug|Any CPU
		{58B59144-6C3D-4D64-9282-4F03D9598035}.Debug|Any CPU.Build.0 = Debug|Any CPU
		{58B59144-6C3D-4D64-9282-4F03D9598035}.Release|Any CPU.ActiveCfg = Release|Any CPU
		{58B59144-6C3D-4D64-9282-4F03D9598035}.Release|Any CPU.Build.0 = Release|Any CPU
	EndGlobalSection
	GlobalSection(SolutionProperties) = preSolution
		HideSolutionNode = FALSE
	EndGlobalSection
	GlobalSection(NestedProjects) = preSolution
		{58B59144-6C3D-4D64-9282-4F03D9598035} = {E5855D71-13E3-4593-B656-D3D8175328C6}
	EndGlobalSection
EndGlobal
